{
  "requires": true,
  "lockfileVersion": 1,
  "dependencies": {
    "@angular/cdk": {
      "version": "6.2.1",
      "resolved": "https://registry.npmjs.org/@angular/cdk/-/cdk-6.2.1.tgz",
      "integrity": "sha512-uwW4eIGJKqOkR+ew6YcEAh1J4SP98jdyDpsZ4IEMkV9+jXcKfcwcxGFpZvs9wJsAvAr8EgNmZ8h+iuZLwJsvmA==",
      "requires": {
        "tslib": "1.9.2"
      }
    },
    "@angular/material": {
      "version": "6.2.1",
      "resolved": "https://registry.npmjs.org/@angular/material/-/material-6.2.1.tgz",
      "integrity": "sha512-SBoUXxHknkgwzp5pNDHW0jyrTM0d0Tk4lVyDbtEX8VEPtXqG5nL3BSgyjpJbTvqlmy2kOooUu3qgAmt87VH9lw==",
      "requires": {
        "tslib": "1.9.2"
      }
    },
    "@ng-bootstrap/ng-bootstrap": {
      "version": "2.0.0",
      "resolved": "https://registry.npmjs.org/@ng-bootstrap/ng-bootstrap/-/ng-bootstrap-2.0.0.tgz",
      "integrity": "sha512-t4QZ3es/u/yB6QchmyJemJbdtrVH4FtenlKgHJZ8095IOeKy8YVXgUwBqyLLZdU2JAwkOESmEns5ESciJHR18Q=="
    },
    "tslib": {
      "version": "1.9.2",
      "resolved": "https://registry.npmjs.org/tslib/-/tslib-1.9.2.tgz",
      "integrity": "sha512-AVP5Xol3WivEr7hnssHDsaM+lVrVXWUvd1cfXTRkTj80b//6g2wIFEH6hZG0muGZRnHGrfttpdzRk3YlBkWjKw=="
    }
  }
}
